
Microsoft Visual Studio Solution File, Format Version 12.00
# Visual Studio 15
Project("{FAE04EC0-301F-11D3-BF4B-00C04F79EFBC}") = "Assembly-CSharp", "Assembly-CSharp.csproj", "{2B7E7215-63F7-BF9A-58CF-91EE4C66ABA1}"
EndProject
Project("{FAE04EC0-301F-11D3-BF4B-00C04F79EFBC}") = "Assembly-CSharp-Editor", "Assembly-CSharp-Editor.csproj", "{AD012928-36B4-845E-F775-F2E6AB892C6C}"
EndProject
Global
	GlobalSection(SolutionConfigurationPlatforms) = preSolution
		Debug|Any CPU = Debug|Any CPU
		Release|Any CPU = Release|Any CPU
	EndGlobalSection
	GlobalSection(ProjectConfigurationPlatforms) = postSolution
		{2B7E7215-63F7-BF9A-58CF-91EE4C66ABA1}.Debug|Any CPU.ActiveCfg = Debug|Any CPU
		{2B7E7215-63F7-BF9A-58CF-91EE4C66ABA1}.Debug|Any CPU.Build.0 = Debug|Any CPU
		{2B7E7215-63F7-BF9A-58CF-91EE4C66ABA1}.Release|Any CPU.ActiveCfg = Release|Any CPU
		{2B7E7215-63F7-BF9A-58CF-91EE4C66ABA1}.Release|Any CPU.Build.0 = Release|Any CPU
		{AD012928-36B4-845E-F775-F2E6AB892C6C}.Debug|Any CPU.ActiveCfg = Debug|Any CPU
		{AD012928-36B4-845E-F775-F2E6AB892C6C}.Debug|Any CPU.Build.0 = Debug|Any CPU
		{AD012928-36B4-845E-F775-F2E6AB892C6C}.Release|Any CPU.ActiveCfg = Release|Any CPU
		{AD012928-36B4-845E-F775-F2E6AB892C6C}.Release|Any CPU.Build.0 = Release|Any CPU
	EndGlobalSection
	GlobalSection(SolutionProperties) = preSolution
		HideSolutionNode = FALSE
	EndGlobalSection
EndGlobal
